
Microsoft Visual Studio Solution File, Format Version 12.00
# Visual Studio Version 17
VisualStudioVersion = 17.5.33530.505
MinimumVisualStudioVersion = 10.0.40219.1
Project("{FAE04EC0-301F-11D3-BF4B-00C04F79EFBC}") = "NMEA.Wpf", "NMEA.Wpf\NMEA.Wpf.csproj", "{B6CBE0A4-C834-4740-A121-900E09F32F3D}"
EndProject
Global
	GlobalSection(SolutionConfigurationPlatforms) = preSolution
		Debug|Any CPU = Debug|Any CPU
		Release|Any CPU = Release|Any CPU
	EndGlobalSection
	GlobalSection(ProjectConfigurationPlatforms) = postSolution
		{B6CBE0A4-C834-4740-A121-900E09F32F3D}.Debug|Any CPU.ActiveCfg = Debug|Any CPU
		{B6CBE0A4-C834-4740-A121-900E09F32F3D}.Debug|Any CPU.Build.0 = Debug|Any CPU
		{B6CBE0A4-C834-4740-A121-900E09F32F3D}.Release|Any CPU.ActiveCfg = Release|Any CPU
		{B6CBE0A4-C834-4740-A121-900E09F32F3D}.Release|Any CPU.Build.0 = Release|Any CPU
	EndGlobalSection
	GlobalSection(SolutionProperties) = preSolution
		HideSolutionNode = FALSE
	EndGlobalSection
	GlobalSection(ExtensibilityGlobals) = postSolution
		SolutionGuid = {D86D9692-C01A-4AE1-8392-B0DFB91BEB37}
	EndGlobalSection
EndGlobal
